
Microsoft Visual Studio Solution File, Format Version 12.00
# Visual Studio Version 16
VisualStudioVersion = 16.0.33529.622
MinimumVisualStudioVersion = 10.0.40219.1
Project("{FAE04EC0-301F-11D3-BF4B-00C04F79EFBC}") = "Evaluacion02PatronesDeDiseño", "Evaluacion02PatronesDeDiseño\Evaluacion02PatronesDeDiseño.csproj", "{C0E7610C-CA86-4E11-A5CE-0543F4FC3394}"
EndProject
Global
	GlobalSection(SolutionConfigurationPlatforms) = preSolution
		Debug|Any CPU = Debug|Any CPU
		Release|Any CPU = Release|Any CPU
	EndGlobalSection
	GlobalSection(ProjectConfigurationPlatforms) = postSolution
		{C0E7610C-CA86-4E11-A5CE-0543F4FC3394}.Debug|Any CPU.ActiveCfg = Debug|Any CPU
		{C0E7610C-CA86-4E11-A5CE-0543F4FC3394}.Debug|Any CPU.Build.0 = Debug|Any CPU
		{C0E7610C-CA86-4E11-A5CE-0543F4FC3394}.Release|Any CPU.ActiveCfg = Release|Any CPU
		{C0E7610C-CA86-4E11-A5CE-0543F4FC3394}.Release|Any CPU.Build.0 = Release|Any CPU
	EndGlobalSection
	GlobalSection(SolutionProperties) = preSolution
		HideSolutionNode = FALSE
	EndGlobalSection
	GlobalSection(ExtensibilityGlobals) = postSolution
		SolutionGuid = {28DAF5E5-78D0-41A4-8795-AA07D6D2C573}
	EndGlobalSection
EndGlobal
